
Microsoft Visual Studio Solution File, Format Version 12.00
# Visual Studio Version 16
VisualStudioVersion = 16.0.29806.167
MinimumVisualStudioVersion = 10.0.40219.1
Project("{FAE04EC0-301F-11D3-BF4B-00C04F79EFBC}") = "FunctionalProgrammingLab", "FunctionalProgrammingLab.csproj", "{0A82FD7A-B821-44C9-8B69-09E2EE8FCC0A}"
EndProject
Project("{FAE04EC0-301F-11D3-BF4B-00C04F79EFBC}") = "01.SortEvenNumbers", "..\01.SortEvenNumbers\01.SortEvenNumbers.csproj", "{A98F7E4F-8563-4C93-A195-3A43F3374501}"
EndProject
Project("{FAE04EC0-301F-11D3-BF4B-00C04F79EFBC}") = "02.SumNumbers", "..\02.SumNumbers\02.SumNumbers.csproj", "{90C5C89B-1034-4ED8-B972-E844AF2EB609}"
EndProject
Project("{FAE04EC0-301F-11D3-BF4B-00C04F79EFBC}") = "03.CountUppercaseWords", "..\03.CountUppercaseWords\03.CountUppercaseWords.csproj", "{68474535-EF16-4EFB-9803-728158EDED4C}"
EndProject
Project("{FAE04EC0-301F-11D3-BF4B-00C04F79EFBC}") = "04.AddVAT", "..\04.AddVAT\04.AddVAT.csproj", "{C2267DA8-11C0-4171-8C07-1E2A0766ACEB}"
EndProject
Global
	GlobalSection(SolutionConfigurationPlatforms) = preSolution
		Debug|Any CPU = Debug|Any CPU
		Release|Any CPU = Release|Any CPU
	EndGlobalSection
	GlobalSection(ProjectConfigurationPlatforms) = postSolution
		{0A82FD7A-B821-44C9-8B69-09E2EE8FCC0A}.Debug|Any CPU.ActiveCfg = Debug|Any CPU
		{0A82FD7A-B821-44C9-8B69-09E2EE8FCC0A}.Debug|Any CPU.Build.0 = Debug|Any CPU
		{0A82FD7A-B821-44C9-8B69-09E2EE8FCC0A}.Release|Any CPU.ActiveCfg = Release|Any CPU
		{0A82FD7A-B821-44C9-8B69-09E2EE8FCC0A}.Release|Any CPU.Build.0 = Release|Any CPU
		{A98F7E4F-8563-4C93-A195-3A43F3374501}.Debug|Any CPU.ActiveCfg = Debug|Any CPU
		{A98F7E4F-8563-4C93-A195-3A43F3374501}.Debug|Any CPU.Build.0 = Debug|Any CPU
		{A98F7E4F-8563-4C93-A195-3A43F3374501}.Release|Any CPU.ActiveCfg = Release|Any CPU
		{A98F7E4F-8563-4C93-A195-3A43F3374501}.Release|Any CPU.Build.0 = Release|Any CPU
		{90C5C89B-1034-4ED8-B972-E844AF2EB609}.Debug|Any CPU.ActiveCfg = Debug|Any CPU
		{90C5C89B-1034-4ED8-B972-E844AF2EB609}.Debug|Any CPU.Build.0 = Debug|Any CPU
		{90C5C89B-1034-4ED8-B972-E844AF2EB609}.Release|Any CPU.ActiveCfg = Release|Any CPU
		{90C5C89B-1034-4ED8-B972-E844AF2EB609}.Release|Any CPU.Build.0 = Release|Any CPU
		{68474535-EF16-4EFB-9803-728158EDED4C}.Debug|Any CPU.ActiveCfg = Debug|Any CPU
		{68474535-EF16-4EFB-9803-728158EDED4C}.Debug|Any CPU.Build.0 = Debug|Any CPU
		{68474535-EF16-4EFB-9803-728158EDED4C}.Release|Any CPU.ActiveCfg = Release|Any CPU
		{68474535-EF16-4EFB-9803-728158EDED4C}.Release|Any CPU.Build.0 = Release|Any CPU
		{C2267DA8-11C0-4171-8C07-1E2A0766ACEB}.Debug|Any CPU.ActiveCfg = Debug|Any CPU
		{C2267DA8-11C0-4171-8C07-1E2A0766ACEB}.Debug|Any CPU.Build.0 = Debug|Any CPU
		{C2267DA8-11C0-4171-8C07-1E2A0766ACEB}.Release|Any CPU.ActiveCfg = Release|Any CPU
		{C2267DA8-11C0-4171-8C07-1E2A0766ACEB}.Release|Any CPU.Build.0 = Release|Any CPU
	EndGlobalSection
	GlobalSection(SolutionProperties) = preSolution
		HideSolutionNode = FALSE
	EndGlobalSection
	GlobalSection(ExtensibilityGlobals) = postSolution
		SolutionGuid = {F894705C-7041-49E5-9F85-ACC7E0F62CEF}
	EndGlobalSection
EndGlobal
