
Microsoft Visual Studio Solution File, Format Version 12.00
# Visual Studio Version 16
VisualStudioVersion = 16.0.29806.167
MinimumVisualStudioVersion = 10.0.40219.1
Project("{9A19103F-16F7-4668-BE54-9A1E7A4F7556}") = "FilesAndStreamsLab", "FilesAndStreamsLab.csproj", "{5FD2FA37-8083-484D-A9A0-658D17BA506B}"
EndProject
Project("{9A19103F-16F7-4668-BE54-9A1E7A4F7556}") = "SliceText", "..\SliceText\SliceText.csproj", "{F8769A09-6AD3-4304-ADB7-34BBB84A4399}"
EndProject
Project("{FAE04EC0-301F-11D3-BF4B-00C04F79EFBC}") = "03.WordCount", "..\03.WordCount\03.WordCount.csproj", "{DBDB40CD-2F1B-45A2-AEA8-EB51B2525A7A}"
EndProject
Global
	GlobalSection(SolutionConfigurationPlatforms) = preSolution
		Debug|Any CPU = Debug|Any CPU
		Release|Any CPU = Release|Any CPU
	EndGlobalSection
	GlobalSection(ProjectConfigurationPlatforms) = postSolution
		{5FD2FA37-8083-484D-A9A0-658D17BA506B}.Debug|Any CPU.ActiveCfg = Debug|Any CPU
		{5FD2FA37-8083-484D-A9A0-658D17BA506B}.Debug|Any CPU.Build.0 = Debug|Any CPU
		{5FD2FA37-8083-484D-A9A0-658D17BA506B}.Release|Any CPU.ActiveCfg = Release|Any CPU
		{5FD2FA37-8083-484D-A9A0-658D17BA506B}.Release|Any CPU.Build.0 = Release|Any CPU
		{F8769A09-6AD3-4304-ADB7-34BBB84A4399}.Debug|Any CPU.ActiveCfg = Debug|Any CPU
		{F8769A09-6AD3-4304-ADB7-34BBB84A4399}.Debug|Any CPU.Build.0 = Debug|Any CPU
		{F8769A09-6AD3-4304-ADB7-34BBB84A4399}.Release|Any CPU.ActiveCfg = Release|Any CPU
		{F8769A09-6AD3-4304-ADB7-34BBB84A4399}.Release|Any CPU.Build.0 = Release|Any CPU
		{DBDB40CD-2F1B-45A2-AEA8-EB51B2525A7A}.Debug|Any CPU.ActiveCfg = Debug|Any CPU
		{DBDB40CD-2F1B-45A2-AEA8-EB51B2525A7A}.Debug|Any CPU.Build.0 = Debug|Any CPU
		{DBDB40CD-2F1B-45A2-AEA8-EB51B2525A7A}.Release|Any CPU.ActiveCfg = Release|Any CPU
		{DBDB40CD-2F1B-45A2-AEA8-EB51B2525A7A}.Release|Any CPU.Build.0 = Release|Any CPU
	EndGlobalSection
	GlobalSection(SolutionProperties) = preSolution
		HideSolutionNode = FALSE
	EndGlobalSection
	GlobalSection(ExtensibilityGlobals) = postSolution
		SolutionGuid = {2765072C-734B-4F97-826D-2D50A2A69D9C}
	EndGlobalSection
EndGlobal
