
Microsoft Visual Studio Solution File, Format Version 12.00
# Visual Studio Version 16
VisualStudioVersion = 16.0.29806.167
MinimumVisualStudioVersion = 10.0.40219.1
Project("{FAE04EC0-301F-11D3-BF4B-00C04F79EFBC}") = "BoxOfT", "BoxOfT.csproj", "{110E139D-B23E-4A9D-A736-FD8608418E40}"
EndProject
Project("{FAE04EC0-301F-11D3-BF4B-00C04F79EFBC}") = "GenericArrayCreator", "..\GenericArrayCreator\GenericArrayCreator.csproj", "{1F7CF69D-6850-4959-8298-516FB1227946}"
EndProject
Project("{FAE04EC0-301F-11D3-BF4B-00C04F79EFBC}") = "GenericScale", "..\GenericScale\GenericScale.csproj", "{23FDA823-7C39-48C3-963D-11124020C7D2}"
EndProject
Project("{FAE04EC0-301F-11D3-BF4B-00C04F79EFBC}") = "P01.GenericBoxOfString", "..\P01.GenericBoxOfString\P01.GenericBoxOfString.csproj", "{C8928FBD-C1EA-4A6D-962D-EE8D09E7D9AE}"
EndProject
Global
	GlobalSection(SolutionConfigurationPlatforms) = preSolution
		Debug|Any CPU = Debug|Any CPU
		Release|Any CPU = Release|Any CPU
	EndGlobalSection
	GlobalSection(ProjectConfigurationPlatforms) = postSolution
		{110E139D-B23E-4A9D-A736-FD8608418E40}.Debug|Any CPU.ActiveCfg = Debug|Any CPU
		{110E139D-B23E-4A9D-A736-FD8608418E40}.Debug|Any CPU.Build.0 = Debug|Any CPU
		{110E139D-B23E-4A9D-A736-FD8608418E40}.Release|Any CPU.ActiveCfg = Release|Any CPU
		{110E139D-B23E-4A9D-A736-FD8608418E40}.Release|Any CPU.Build.0 = Release|Any CPU
		{1F7CF69D-6850-4959-8298-516FB1227946}.Debug|Any CPU.ActiveCfg = Debug|Any CPU
		{1F7CF69D-6850-4959-8298-516FB1227946}.Debug|Any CPU.Build.0 = Debug|Any CPU
		{1F7CF69D-6850-4959-8298-516FB1227946}.Release|Any CPU.ActiveCfg = Release|Any CPU
		{1F7CF69D-6850-4959-8298-516FB1227946}.Release|Any CPU.Build.0 = Release|Any CPU
		{23FDA823-7C39-48C3-963D-11124020C7D2}.Debug|Any CPU.ActiveCfg = Debug|Any CPU
		{23FDA823-7C39-48C3-963D-11124020C7D2}.Debug|Any CPU.Build.0 = Debug|Any CPU
		{23FDA823-7C39-48C3-963D-11124020C7D2}.Release|Any CPU.ActiveCfg = Release|Any CPU
		{23FDA823-7C39-48C3-963D-11124020C7D2}.Release|Any CPU.Build.0 = Release|Any CPU
		{C8928FBD-C1EA-4A6D-962D-EE8D09E7D9AE}.Debug|Any CPU.ActiveCfg = Debug|Any CPU
		{C8928FBD-C1EA-4A6D-962D-EE8D09E7D9AE}.Debug|Any CPU.Build.0 = Debug|Any CPU
		{C8928FBD-C1EA-4A6D-962D-EE8D09E7D9AE}.Release|Any CPU.ActiveCfg = Release|Any CPU
		{C8928FBD-C1EA-4A6D-962D-EE8D09E7D9AE}.Release|Any CPU.Build.0 = Release|Any CPU
	EndGlobalSection
	GlobalSection(SolutionProperties) = preSolution
		HideSolutionNode = FALSE
	EndGlobalSection
	GlobalSection(ExtensibilityGlobals) = postSolution
		SolutionGuid = {B195EDEB-8143-4C1D-9899-3EF4909EB51C}
	EndGlobalSection
EndGlobal
