
Microsoft Visual Studio Solution File, Format Version 12.00
# Visual Studio Version 16
VisualStudioVersion = 16.0.29806.167
MinimumVisualStudioVersion = 10.0.40219.1
Project("{FAE04EC0-301F-11D3-BF4B-00C04F79EFBC}") = "MultidimensionalArraysExercise", "MultidimensionalArraysExercise.csproj", "{868C57C2-ACE4-4593-9187-DD1F5B5BD6F9}"
EndProject
Project("{FAE04EC0-301F-11D3-BF4B-00C04F79EFBC}") = "01.DiagonalDifference", "..\01.DiagonalDifference\01.DiagonalDifference.csproj", "{39988DC8-039E-4F02-A771-5B632EE559A4}"
EndProject
Project("{FAE04EC0-301F-11D3-BF4B-00C04F79EFBC}") = "02.2x2SquaresInMatrixes", "..\02.2x2SquaresInMatrixes\02.2x2SquaresInMatrixes.csproj", "{CAD8C340-F86D-4BDC-AD1E-69B0D4FED40C}"
EndProject
Project("{FAE04EC0-301F-11D3-BF4B-00C04F79EFBC}") = "03.MaximalSum", "..\03.MaximalSum\03.MaximalSum.csproj", "{E1ED9BCB-AD75-471E-AE9E-4401B20A2DCB}"
EndProject
Project("{FAE04EC0-301F-11D3-BF4B-00C04F79EFBC}") = "04.MatrixShuffling", "..\04.MatrixShuffling\04.MatrixShuffling.csproj", "{5AAE024E-C22C-4DBD-B7D8-7709919412D8}"
EndProject
Project("{FAE04EC0-301F-11D3-BF4B-00C04F79EFBC}") = "05.Snake", "..\05.Snake\05.Snake.csproj", "{C5E69D33-CDD7-4F88-92F8-6E1808675E6E}"
EndProject
Project("{FAE04EC0-301F-11D3-BF4B-00C04F79EFBC}") = "06.JaggedArrayManipulator", "..\06.JaggedArrayManipulator\06.JaggedArrayManipulator.csproj", "{BF144FC7-D3A8-4BD1-A1B5-7D47B6B22A02}"
EndProject
Global
	GlobalSection(SolutionConfigurationPlatforms) = preSolution
		Debug|Any CPU = Debug|Any CPU
		Release|Any CPU = Release|Any CPU
	EndGlobalSection
	GlobalSection(ProjectConfigurationPlatforms) = postSolution
		{868C57C2-ACE4-4593-9187-DD1F5B5BD6F9}.Debug|Any CPU.ActiveCfg = Debug|Any CPU
		{868C57C2-ACE4-4593-9187-DD1F5B5BD6F9}.Debug|Any CPU.Build.0 = Debug|Any CPU
		{868C57C2-ACE4-4593-9187-DD1F5B5BD6F9}.Release|Any CPU.ActiveCfg = Release|Any CPU
		{868C57C2-ACE4-4593-9187-DD1F5B5BD6F9}.Release|Any CPU.Build.0 = Release|Any CPU
		{39988DC8-039E-4F02-A771-5B632EE559A4}.Debug|Any CPU.ActiveCfg = Debug|Any CPU
		{39988DC8-039E-4F02-A771-5B632EE559A4}.Debug|Any CPU.Build.0 = Debug|Any CPU
		{39988DC8-039E-4F02-A771-5B632EE559A4}.Release|Any CPU.ActiveCfg = Release|Any CPU
		{39988DC8-039E-4F02-A771-5B632EE559A4}.Release|Any CPU.Build.0 = Release|Any CPU
		{CAD8C340-F86D-4BDC-AD1E-69B0D4FED40C}.Debug|Any CPU.ActiveCfg = Debug|Any CPU
		{CAD8C340-F86D-4BDC-AD1E-69B0D4FED40C}.Debug|Any CPU.Build.0 = Debug|Any CPU
		{CAD8C340-F86D-4BDC-AD1E-69B0D4FED40C}.Release|Any CPU.ActiveCfg = Release|Any CPU
		{CAD8C340-F86D-4BDC-AD1E-69B0D4FED40C}.Release|Any CPU.Build.0 = Release|Any CPU
		{E1ED9BCB-AD75-471E-AE9E-4401B20A2DCB}.Debug|Any CPU.ActiveCfg = Debug|Any CPU
		{E1ED9BCB-AD75-471E-AE9E-4401B20A2DCB}.Debug|Any CPU.Build.0 = Debug|Any CPU
		{E1ED9BCB-AD75-471E-AE9E-4401B20A2DCB}.Release|Any CPU.ActiveCfg = Release|Any CPU
		{E1ED9BCB-AD75-471E-AE9E-4401B20A2DCB}.Release|Any CPU.Build.0 = Release|Any CPU
		{5AAE024E-C22C-4DBD-B7D8-7709919412D8}.Debug|Any CPU.ActiveCfg = Debug|Any CPU
		{5AAE024E-C22C-4DBD-B7D8-7709919412D8}.Debug|Any CPU.Build.0 = Debug|Any CPU
		{5AAE024E-C22C-4DBD-B7D8-7709919412D8}.Release|Any CPU.ActiveCfg = Release|Any CPU
		{5AAE024E-C22C-4DBD-B7D8-7709919412D8}.Release|Any CPU.Build.0 = Release|Any CPU
		{C5E69D33-CDD7-4F88-92F8-6E1808675E6E}.Debug|Any CPU.ActiveCfg = Debug|Any CPU
		{C5E69D33-CDD7-4F88-92F8-6E1808675E6E}.Debug|Any CPU.Build.0 = Debug|Any CPU
		{C5E69D33-CDD7-4F88-92F8-6E1808675E6E}.Release|Any CPU.ActiveCfg = Release|Any CPU
		{C5E69D33-CDD7-4F88-92F8-6E1808675E6E}.Release|Any CPU.Build.0 = Release|Any CPU
		{BF144FC7-D3A8-4BD1-A1B5-7D47B6B22A02}.Debug|Any CPU.ActiveCfg = Debug|Any CPU
		{BF144FC7-D3A8-4BD1-A1B5-7D47B6B22A02}.Debug|Any CPU.Build.0 = Debug|Any CPU
		{BF144FC7-D3A8-4BD1-A1B5-7D47B6B22A02}.Release|Any CPU.ActiveCfg = Release|Any CPU
		{BF144FC7-D3A8-4BD1-A1B5-7D47B6B22A02}.Release|Any CPU.Build.0 = Release|Any CPU
	EndGlobalSection
	GlobalSection(SolutionProperties) = preSolution
		HideSolutionNode = FALSE
	EndGlobalSection
	GlobalSection(ExtensibilityGlobals) = postSolution
		SolutionGuid = {6CE72A62-D543-4CE0-85DC-AC092DB54429}
	EndGlobalSection
EndGlobal
