
Microsoft Visual Studio Solution File, Format Version 12.00
# Visual Studio Version 16
VisualStudioVersion = 16.0.29806.167
MinimumVisualStudioVersion = 10.0.40219.1
Project("{FAE04EC0-301F-11D3-BF4B-00C04F79EFBC}") = "StackQueueLab", "StackQueueLab.csproj", "{4D3970DF-1093-400D-AF6A-943659B1305C}"
EndProject
Project("{FAE04EC0-301F-11D3-BF4B-00C04F79EFBC}") = "01.ReverseString", "01.ReverseString\01.ReverseString.csproj", "{333F51FB-2C0A-44DC-9C8F-854B871D7F05}"
EndProject
Global
	GlobalSection(SolutionConfigurationPlatforms) = preSolution
		Debug|Any CPU = Debug|Any CPU
		Release|Any CPU = Release|Any CPU
	EndGlobalSection
	GlobalSection(ProjectConfigurationPlatforms) = postSolution
		{4D3970DF-1093-400D-AF6A-943659B1305C}.Debug|Any CPU.ActiveCfg = Debug|Any CPU
		{4D3970DF-1093-400D-AF6A-943659B1305C}.Debug|Any CPU.Build.0 = Debug|Any CPU
		{4D3970DF-1093-400D-AF6A-943659B1305C}.Release|Any CPU.ActiveCfg = Release|Any CPU
		{4D3970DF-1093-400D-AF6A-943659B1305C}.Release|Any CPU.Build.0 = Release|Any CPU
		{333F51FB-2C0A-44DC-9C8F-854B871D7F05}.Debug|Any CPU.ActiveCfg = Debug|Any CPU
		{333F51FB-2C0A-44DC-9C8F-854B871D7F05}.Debug|Any CPU.Build.0 = Debug|Any CPU
		{333F51FB-2C0A-44DC-9C8F-854B871D7F05}.Release|Any CPU.ActiveCfg = Release|Any CPU
		{333F51FB-2C0A-44DC-9C8F-854B871D7F05}.Release|Any CPU.Build.0 = Release|Any CPU
	EndGlobalSection
	GlobalSection(SolutionProperties) = preSolution
		HideSolutionNode = FALSE
	EndGlobalSection
	GlobalSection(ExtensibilityGlobals) = postSolution
		SolutionGuid = {39E3E135-72D0-4C21-B394-4AA3FB2EA2C2}
	EndGlobalSection
EndGlobal
