
Microsoft Visual Studio Solution File, Format Version 12.00
# Visual Studio Version 16
VisualStudioVersion = 16.0.29806.167
MinimumVisualStudioVersion = 10.0.40219.1
Project("{9A19103F-16F7-4668-BE54-9A1E7A4F7556}") = "IteratorsAndComparators", "IteratorsAndComparators.csproj", "{AD5E1F18-8854-427F-97CF-62872D63B061}"
EndProject
Project("{9A19103F-16F7-4668-BE54-9A1E7A4F7556}") = "P01.ListyIterator", "..\P01.ListyIterator\P01.ListyIterator.csproj", "{55C64223-68F6-4E75-B5C9-963706F0ABFE}"
EndProject
Project("{9A19103F-16F7-4668-BE54-9A1E7A4F7556}") = "P03.Stack", "..\P03.Stack\P03.Stack.csproj", "{F4B4373C-E5DF-40B1-AF5E-B4D0D966214A}"
EndProject
Project("{9A19103F-16F7-4668-BE54-9A1E7A4F7556}") = "P04.Froggy", "..\P04.Froggy\P04.Froggy.csproj", "{13BC2674-A7A9-4D27-965A-FB1B441320EC}"
EndProject
Project("{9A19103F-16F7-4668-BE54-9A1E7A4F7556}") = "P05.ComparingObjects", "..\P05.ComparingObjects\P05.ComparingObjects.csproj", "{6E22A081-C18F-4BB4-B26A-23210C8AEEED}"
EndProject
Project("{FAE04EC0-301F-11D3-BF4B-00C04F79EFBC}") = "P06.EqualityLogic", "..\P06.EqualityLogic\P06.EqualityLogic.csproj", "{7177DEE5-3CB7-4E51-872D-76160C25C59A}"
EndProject
Global
	GlobalSection(SolutionConfigurationPlatforms) = preSolution
		Debug|Any CPU = Debug|Any CPU
		Release|Any CPU = Release|Any CPU
	EndGlobalSection
	GlobalSection(ProjectConfigurationPlatforms) = postSolution
		{AD5E1F18-8854-427F-97CF-62872D63B061}.Debug|Any CPU.ActiveCfg = Debug|Any CPU
		{AD5E1F18-8854-427F-97CF-62872D63B061}.Debug|Any CPU.Build.0 = Debug|Any CPU
		{AD5E1F18-8854-427F-97CF-62872D63B061}.Release|Any CPU.ActiveCfg = Release|Any CPU
		{AD5E1F18-8854-427F-97CF-62872D63B061}.Release|Any CPU.Build.0 = Release|Any CPU
		{55C64223-68F6-4E75-B5C9-963706F0ABFE}.Debug|Any CPU.ActiveCfg = Debug|Any CPU
		{55C64223-68F6-4E75-B5C9-963706F0ABFE}.Debug|Any CPU.Build.0 = Debug|Any CPU
		{55C64223-68F6-4E75-B5C9-963706F0ABFE}.Release|Any CPU.ActiveCfg = Release|Any CPU
		{55C64223-68F6-4E75-B5C9-963706F0ABFE}.Release|Any CPU.Build.0 = Release|Any CPU
		{F4B4373C-E5DF-40B1-AF5E-B4D0D966214A}.Debug|Any CPU.ActiveCfg = Debug|Any CPU
		{F4B4373C-E5DF-40B1-AF5E-B4D0D966214A}.Debug|Any CPU.Build.0 = Debug|Any CPU
		{F4B4373C-E5DF-40B1-AF5E-B4D0D966214A}.Release|Any CPU.ActiveCfg = Release|Any CPU
		{F4B4373C-E5DF-40B1-AF5E-B4D0D966214A}.Release|Any CPU.Build.0 = Release|Any CPU
		{13BC2674-A7A9-4D27-965A-FB1B441320EC}.Debug|Any CPU.ActiveCfg = Debug|Any CPU
		{13BC2674-A7A9-4D27-965A-FB1B441320EC}.Debug|Any CPU.Build.0 = Debug|Any CPU
		{13BC2674-A7A9-4D27-965A-FB1B441320EC}.Release|Any CPU.ActiveCfg = Release|Any CPU
		{13BC2674-A7A9-4D27-965A-FB1B441320EC}.Release|Any CPU.Build.0 = Release|Any CPU
		{6E22A081-C18F-4BB4-B26A-23210C8AEEED}.Debug|Any CPU.ActiveCfg = Debug|Any CPU
		{6E22A081-C18F-4BB4-B26A-23210C8AEEED}.Debug|Any CPU.Build.0 = Debug|Any CPU
		{6E22A081-C18F-4BB4-B26A-23210C8AEEED}.Release|Any CPU.ActiveCfg = Release|Any CPU
		{6E22A081-C18F-4BB4-B26A-23210C8AEEED}.Release|Any CPU.Build.0 = Release|Any CPU
		{7177DEE5-3CB7-4E51-872D-76160C25C59A}.Debug|Any CPU.ActiveCfg = Debug|Any CPU
		{7177DEE5-3CB7-4E51-872D-76160C25C59A}.Debug|Any CPU.Build.0 = Debug|Any CPU
		{7177DEE5-3CB7-4E51-872D-76160C25C59A}.Release|Any CPU.ActiveCfg = Release|Any CPU
		{7177DEE5-3CB7-4E51-872D-76160C25C59A}.Release|Any CPU.Build.0 = Release|Any CPU
	EndGlobalSection
	GlobalSection(SolutionProperties) = preSolution
		HideSolutionNode = FALSE
	EndGlobalSection
	GlobalSection(ExtensibilityGlobals) = postSolution
		SolutionGuid = {BB3938B3-443C-4F93-94BC-1A5E3CF0847A}
	EndGlobalSection
EndGlobal
