
Microsoft Visual Studio Solution File, Format Version 12.00
# Visual Studio Version 16
VisualStudioVersion = 16.0.29806.167
MinimumVisualStudioVersion = 10.0.40219.1
Project("{FAE04EC0-301F-11D3-BF4B-00C04F79EFBC}") = "CustomListDemo", "CustomListDemo.csproj", "{FFA2C1A2-C829-485C-923B-AC3253EDA54C}"
EndProject
Global
	GlobalSection(SolutionConfigurationPlatforms) = preSolution
		Debug|Any CPU = Debug|Any CPU
		Release|Any CPU = Release|Any CPU
	EndGlobalSection
	GlobalSection(ProjectConfigurationPlatforms) = postSolution
		{FFA2C1A2-C829-485C-923B-AC3253EDA54C}.Debug|Any CPU.ActiveCfg = Debug|Any CPU
		{FFA2C1A2-C829-485C-923B-AC3253EDA54C}.Debug|Any CPU.Build.0 = Debug|Any CPU
		{FFA2C1A2-C829-485C-923B-AC3253EDA54C}.Release|Any CPU.ActiveCfg = Release|Any CPU
		{FFA2C1A2-C829-485C-923B-AC3253EDA54C}.Release|Any CPU.Build.0 = Release|Any CPU
	EndGlobalSection
	GlobalSection(SolutionProperties) = preSolution
		HideSolutionNode = FALSE
	EndGlobalSection
	GlobalSection(ExtensibilityGlobals) = postSolution
		SolutionGuid = {D44C4589-D457-4E74-9FAB-E5C9E0F93007}
	EndGlobalSection
EndGlobal
